
Microsoft Visual Studio Solution File, Format Version 12.00
# Visual Studio Version 17
VisualStudioVersion = 17.5.33516.290
MinimumVisualStudioVersion = 10.0.40219.1
Project("{8BC9CEB8-8B4A-11D0-8D11-00A0C91BC942}") = "Hanabi", "Hanabi\Hanabi.vcxproj", "{5397EBE3-EF2A-41D8-AD45-B922ADAC5BDB}"
EndProject
Project("{8BC9CEB8-8B4A-11D0-8D11-00A0C91BC942}") = "Sandbox", "Sandbox\Sandbox.vcxproj", "{B823D159-B58B-4E1B-9E72-13745DD3767E}"
EndProject
Global
	GlobalSection(SolutionConfigurationPlatforms) = preSolution
		Debug|x64 = Debug|x64
		Release|x64 = Release|x64
	EndGlobalSection
	GlobalSection(ProjectConfigurationPlatforms) = postSolution
		{5397EBE3-EF2A-41D8-AD45-B922ADAC5BDB}.Debug|x64.ActiveCfg = Debug|x64
		{5397EBE3-EF2A-41D8-AD45-B922ADAC5BDB}.Debug|x64.Build.0 = Debug|x64
		{5397EBE3-EF2A-41D8-AD45-B922ADAC5BDB}.Release|x64.ActiveCfg = Release|x64
		{5397EBE3-EF2A-41D8-AD45-B922ADAC5BDB}.Release|x64.Build.0 = Release|x64
		{B823D159-B58B-4E1B-9E72-13745DD3767E}.Debug|x64.ActiveCfg = Debug|x64
		{B823D159-B58B-4E1B-9E72-13745DD3767E}.Debug|x64.Build.0 = Debug|x64
		{B823D159-B58B-4E1B-9E72-13745DD3767E}.Release|x64.ActiveCfg = Release|x64
		{B823D159-B58B-4E1B-9E72-13745DD3767E}.Release|x64.Build.0 = Release|x64
	EndGlobalSection
	GlobalSection(SolutionProperties) = preSolution
		HideSolutionNode = FALSE
	EndGlobalSection
	GlobalSection(ExtensibilityGlobals) = postSolution
		SolutionGuid = {0CFC0B01-18B0-4886-B8B4-ABE9E8485CFE}
	EndGlobalSection
EndGlobal
